
Microsoft Visual Studio Solution File, Format Version 12.00
# Visual Studio 15
VisualStudioVersion = 15.0.27130.2003
MinimumVisualStudioVersion = 10.0.40219.1
Project("{FAE04EC0-301F-11D3-BF4B-00C04F79EFBC}") = "Comic Book Gallery", "Comic Book Gallery\Comic Book Gallery.csproj", "{2102A0E0-E181-44D0-8C53-C98037DA2185}"
EndProject
Global
	GlobalSection(SolutionConfigurationPlatforms) = preSolution
		Debug|Any CPU = Debug|Any CPU
		Release|Any CPU = Release|Any CPU
	EndGlobalSection
	GlobalSection(ProjectConfigurationPlatforms) = postSolution
		{2102A0E0-E181-44D0-8C53-C98037DA2185}.Debug|Any CPU.ActiveCfg = Debug|Any CPU
		{2102A0E0-E181-44D0-8C53-C98037DA2185}.Debug|Any CPU.Build.0 = Debug|Any CPU
		{2102A0E0-E181-44D0-8C53-C98037DA2185}.Release|Any CPU.ActiveCfg = Release|Any CPU
		{2102A0E0-E181-44D0-8C53-C98037DA2185}.Release|Any CPU.Build.0 = Release|Any CPU
	EndGlobalSection
	GlobalSection(SolutionProperties) = preSolution
		HideSolutionNode = FALSE
	EndGlobalSection
	GlobalSection(ExtensibilityGlobals) = postSolution
		SolutionGuid = {38E46268-1821-40AD-BE3E-893858C20610}
	EndGlobalSection
EndGlobal
